// !$*UTF8*$!
{
	archiveVersion = 1;
	classes = {
	};
	objectVersion = 48;
	objects = {

/* Begin PBXBuildFile section */
		BB0AB4921F3918C6003D26DF /* NAHIVGenerating.h in Headers */ = {isa = PBXBuildFile; fileRef = BB0AB4911F3918C6003D26DF /* NAHIVGenerating.h */; settings = {ATTRIBUTES = (Public, ); }; };
		BB0AB4951F39194D003D26DF /* NAHRandomIVGenerator.h in Headers */ = {isa = PBXBuildFile; fileRef = BB0AB4931F39194D003D26DF /* NAHRandomIVGenerator.h */; };
		BB0AB4961F39194D003D26DF /* NAHRandomIVGenerator.m in Sources */ = {isa = PBXBuildFile; fileRef = BB0AB4941F39194D003D26DF /* NAHRandomIVGenerator.m */; };
		BB41DC351F392228007CA519 /* NAHStringPasswordKeyProvider.h in Headers */ = {isa = PBXBuildFile; fileRef = BB41DC331F392228007CA519 /* NAHStringPasswordKeyProvider.h */; };
		BB41DC361F392228007CA519 /* NAHStringPasswordKeyProvider.m in Sources */ = {isa = PBXBuildFile; fileRef = BB41DC341F392228007CA519 /* NAHStringPasswordKeyProvider.m */; };
		BB9905341F3A64DC003B6169 /* NAHRandomIVGeneratorTests.m in Sources */ = {isa = PBXBuildFile; fileRef = BB9905331F3A64DC003B6169 /* NAHRandomIVGeneratorTests.m */; };
		BB9905361F3A69B9003B6169 /* NAHStringPasswordKeyProviderTests.m in Sources */ = {isa = PBXBuildFile; fileRef = BB9905351F3A69B9003B6169 /* NAHStringPasswordKeyProviderTests.m */; };
		BB9905381F3A6E07003B6169 /* NAHAESCryptoTests.m in Sources */ = {isa = PBXBuildFile; fileRef = BB9905371F3A6E07003B6169 /* NAHAESCryptoTests.m */; };
		BB99053B1F3A6EE8003B6169 /* NAHAESCrypto.h in Headers */ = {isa = PBXBuildFile; fileRef = BB9905391F3A6EE8003B6169 /* NAHAESCrypto.h */; settings = {ATTRIBUTES = (Public, ); }; };
		BB99053C1F3A6EE8003B6169 /* NAHAESCrypto.m in Sources */ = {isa = PBXBuildFile; fileRef = BB99053A1F3A6EE8003B6169 /* NAHAESCrypto.m */; };
		BB99053F1F3A7437003B6169 /* NAHEncryptedMessage.h in Headers */ = {isa = PBXBuildFile; fileRef = BB99053D1F3A7437003B6169 /* NAHEncryptedMessage.h */; settings = {ATTRIBUTES = (Public, ); }; };
		BB9905401F3A7437003B6169 /* NAHEncryptedMessage.m in Sources */ = {isa = PBXBuildFile; fileRef = BB99053E1F3A7437003B6169 /* NAHEncryptedMessage.m */; };
		BBEF59D91F31340000E3E84C /* NAHCrypto.framework in Frameworks */ = {isa = PBXBuildFile; fileRef = BBEF59CF1F31340000E3E84C /* NAHCrypto.framework */; };
		BBEF59E01F31340000E3E84C /* NAHCrypto.h in Headers */ = {isa = PBXBuildFile; fileRef = BBEF59D21F31340000E3E84C /* NAHCrypto.h */; settings = {ATTRIBUTES = (Public, ); }; };
		BBF9171A1F313AAE006FE52A /* NAHCryptor.h in Headers */ = {isa = PBXBuildFile; fileRef = BBF917191F313AAE006FE52A /* NAHCryptor.h */; settings = {ATTRIBUTES = (Public, ); }; };
		BBF9171C1F33DB12006FE52A /* NAHKeyProviding.h in Headers */ = {isa = PBXBuildFile; fileRef = BBF9171B1F33DB12006FE52A /* NAHKeyProviding.h */; settings = {ATTRIBUTES = (Public, ); }; };
		BBF9171F1F33DD29006FE52A /* NAHAESCryptor.h in Headers */ = {isa = PBXBuildFile; fileRef = BBF9171D1F33DD29006FE52A /* NAHAESCryptor.h */; };
		BBF917201F33DD29006FE52A /* NAHAESCryptor.m in Sources */ = {isa = PBXBuildFile; fileRef = BBF9171E1F33DD29006FE52A /* NAHAESCryptor.m */; };
/* End PBXBuildFile section */

/* Begin PBXContainerItemProxy section */
		BBEF59DA1F31340000E3E84C /* PBXContainerItemProxy */ = {
			isa = PBXContainerItemProxy;
			containerPortal = BBEF59C61F31340000E3E84C /* Project object */;
			proxyType = 1;
			remoteGlobalIDString = BBEF59CE1F31340000E3E84C;
			remoteInfo = NAHCrypto;
		};
/* End PBXContainerItemProxy section */

/* Begin PBXFileReference section */
		BB0AB4911F3918C6003D26DF /* NAHIVGenerating.h */ = {isa = PBXFileReference; lastKnownFileType = sourcecode.c.h; path = NAHIVGenerating.h; sourceTree = "<group>"; };
		BB0AB4931F39194D003D26DF /* NAHRandomIVGenerator.h */ = {isa = PBXFileReference; lastKnownFileType = sourcecode.c.h; path = NAHRandomIVGenerator.h; sourceTree = "<group>"; };
		BB0AB4941F39194D003D26DF /* NAHRandomIVGenerator.m */ = {isa = PBXFileReference; lastKnownFileType = sourcecode.c.objc; path = NAHRandomIVGenerator.m; sourceTree = "<group>"; };
		BB41DC331F392228007CA519 /* NAHStringPasswordKeyProvider.h */ = {isa = PBXFileReference; lastKnownFileType = sourcecode.c.h; path = NAHStringPasswordKeyProvider.h; sourceTree = "<group>"; };
		BB41DC341F392228007CA519 /* NAHStringPasswordKeyProvider.m */ = {isa = PBXFileReference; lastKnownFileType = sourcecode.c.objc; path = NAHStringPasswordKeyProvider.m; sourceTree = "<group>"; };
		BB9905331F3A64DC003B6169 /* NAHRandomIVGeneratorTests.m */ = {isa = PBXFileReference; lastKnownFileType = sourcecode.c.objc; path = NAHRandomIVGeneratorTests.m; sourceTree = "<group>"; };
		BB9905351F3A69B9003B6169 /* NAHStringPasswordKeyProviderTests.m */ = {isa = PBXFileReference; lastKnownFileType = sourcecode.c.objc; path = NAHStringPasswordKeyProviderTests.m; sourceTree = "<group>"; };
		BB9905371F3A6E07003B6169 /* NAHAESCryptoTests.m */ = {isa = PBXFileReference; lastKnownFileType = sourcecode.c.objc; path = NAHAESCryptoTests.m; sourceTree = "<group>"; };
		BB9905391F3A6EE8003B6169 /* NAHAESCrypto.h */ = {isa = PBXFileReference; lastKnownFileType = sourcecode.c.h; path = NAHAESCrypto.h; sourceTree = "<group>"; };
		BB99053A1F3A6EE8003B6169 /* NAHAESCrypto.m */ = {isa = PBXFileReference; lastKnownFileType = sourcecode.c.objc; path = NAHAESCrypto.m; sourceTree = "<group>"; };
		BB99053D1F3A7437003B6169 /* NAHEncryptedMessage.h */ = {isa = PBXFileReference; lastKnownFileType = sourcecode.c.h; path = NAHEncryptedMessage.h; sourceTree = "<group>"; };
		BB99053E1F3A7437003B6169 /* NAHEncryptedMessage.m */ = {isa = PBXFileReference; lastKnownFileType = sourcecode.c.objc; path = NAHEncryptedMessage.m; sourceTree = "<group>"; };
		BBEF59CF1F31340000E3E84C /* NAHCrypto.framework */ = {isa = PBXFileReference; explicitFileType = wrapper.framework; includeInIndex = 0; path = NAHCrypto.framework; sourceTree = BUILT_PRODUCTS_DIR; };
		BBEF59D21F31340000E3E84C /* NAHCrypto.h */ = {isa = PBXFileReference; lastKnownFileType = sourcecode.c.h; path = NAHCrypto.h; sourceTree = "<group>"; };
		BBEF59D31F31340000E3E84C /* Info.plist */ = {isa = PBXFileReference; lastKnownFileType = text.plist.xml; path = Info.plist; sourceTree = "<group>"; };
		BBEF59D81F31340000E3E84C /* NAHCryptoTests.xctest */ = {isa = PBXFileReference; explicitFileType = wrapper.cfbundle; includeInIndex = 0; path = NAHCryptoTests.xctest; sourceTree = BUILT_PRODUCTS_DIR; };
		BBEF59DF1F31340000E3E84C /* Info.plist */ = {isa = PBXFileReference; lastKnownFileType = text.plist.xml; path = Info.plist; sourceTree = "<group>"; };
		BBF917191F313AAE006FE52A /* NAHCryptor.h */ = {isa = PBXFileReference; lastKnownFileType = sourcecode.c.h; path = NAHCryptor.h; sourceTree = "<group>"; };
		BBF9171B1F33DB12006FE52A /* NAHKeyProviding.h */ = {isa = PBXFileReference; lastKnownFileType = sourcecode.c.h; path = NAHKeyProviding.h; sourceTree = "<group>"; };
		BBF9171D1F33DD29006FE52A /* NAHAESCryptor.h */ = {isa = PBXFileReference; lastKnownFileType = sourcecode.c.h; path = NAHAESCryptor.h; sourceTree = "<group>"; };
		BBF9171E1F33DD29006FE52A /* NAHAESCryptor.m */ = {isa = PBXFileReference; lastKnownFileType = sourcecode.c.objc; path = NAHAESCryptor.m; sourceTree = "<group>"; };
/* End PBXFileReference section */

/* Begin PBXFrameworksBuildPhase section */
		BBEF59CB1F31340000E3E84C /* Frameworks */ = {
			isa = PBXFrameworksBuildPhase;
			buildActionMask = 2147483647;
			files = (
			);
			runOnlyForDeploymentPostprocessing = 0;
		};
		BBEF59D51F31340000E3E84C /* Frameworks */ = {
			isa = PBXFrameworksBuildPhase;
			buildActionMask = 2147483647;
			files = (
				BBEF59D91F31340000E3E84C /* NAHCrypto.framework in Frameworks */,
			);
			runOnlyForDeploymentPostprocessing = 0;
		};
/* End PBXFrameworksBuildPhase section */

/* Begin PBXGroup section */
		BB0AB48F1F391814003D26DF /* Supporting Files */ = {
			isa = PBXGroup;
			children = (
				BBEF59D31F31340000E3E84C /* Info.plist */,
			);
			path = "Supporting Files";
			sourceTree = "<group>";
		};
		BB0AB4901F391850003D26DF /* Concrete */ = {
			isa = PBXGroup;
			children = (
				BBF9171D1F33DD29006FE52A /* NAHAESCryptor.h */,
				BBF9171E1F33DD29006FE52A /* NAHAESCryptor.m */,
				BB0AB4931F39194D003D26DF /* NAHRandomIVGenerator.h */,
				BB0AB4941F39194D003D26DF /* NAHRandomIVGenerator.m */,
				BB41DC331F392228007CA519 /* NAHStringPasswordKeyProvider.h */,
				BB41DC341F392228007CA519 /* NAHStringPasswordKeyProvider.m */,
			);
			path = Concrete;
			sourceTree = "<group>";
		};
		BBEF59C51F31340000E3E84C = {
			isa = PBXGroup;
			children = (
				BBEF59D11F31340000E3E84C /* NAHCrypto */,
				BBEF59DC1F31340000E3E84C /* NAHCryptoTests */,
				BBEF59D01F31340000E3E84C /* Products */,
			);
			sourceTree = "<group>";
		};
		BBEF59D01F31340000E3E84C /* Products */ = {
			isa = PBXGroup;
			children = (
				BBEF59CF1F31340000E3E84C /* NAHCrypto.framework */,
				BBEF59D81F31340000E3E84C /* NAHCryptoTests.xctest */,
			);
			name = Products;
			sourceTree = "<group>";
		};
		BBEF59D11F31340000E3E84C /* NAHCrypto */ = {
			isa = PBXGroup;
			children = (
				BB0AB4901F391850003D26DF /* Concrete */,
				BB9905391F3A6EE8003B6169 /* NAHAESCrypto.h */,
				BB99053A1F3A6EE8003B6169 /* NAHAESCrypto.m */,
				BBEF59D21F31340000E3E84C /* NAHCrypto.h */,
				BBF917191F313AAE006FE52A /* NAHCryptor.h */,
				BB99053D1F3A7437003B6169 /* NAHEncryptedMessage.h */,
				BB99053E1F3A7437003B6169 /* NAHEncryptedMessage.m */,
				BB0AB4911F3918C6003D26DF /* NAHIVGenerating.h */,
				BBF9171B1F33DB12006FE52A /* NAHKeyProviding.h */,
				BB0AB48F1F391814003D26DF /* Supporting Files */,
			);
			path = NAHCrypto;
			sourceTree = "<group>";
		};
		BBEF59DC1F31340000E3E84C /* NAHCryptoTests */ = {
			isa = PBXGroup;
			children = (
				BBEF59DF1F31340000E3E84C /* Info.plist */,
				BB9905331F3A64DC003B6169 /* NAHRandomIVGeneratorTests.m */,
				BB9905351F3A69B9003B6169 /* NAHStringPasswordKeyProviderTests.m */,
				BB9905371F3A6E07003B6169 /* NAHAESCryptoTests.m */,
			);
			path = NAHCryptoTests;
			sourceTree = "<group>";
		};
/* End PBXGroup section */

/* Begin PBXHeadersBuildPhase section */
		BBEF59CC1F31340000E3E84C /* Headers */ = {
			isa = PBXHeadersBuildPhase;
			buildActionMask = 2147483647;
			files = (
				BBEF59E01F31340000E3E84C /* NAHCrypto.h in Headers */,
				BBF9171F1F33DD29006FE52A /* NAHAESCryptor.h in Headers */,
				BB99053F1F3A7437003B6169 /* NAHEncryptedMessage.h in Headers */,
				BBF9171C1F33DB12006FE52A /* NAHKeyProviding.h in Headers */,
				BBF9171A1F313AAE006FE52A /* NAHCryptor.h in Headers */,
				BB0AB4951F39194D003D26DF /* NAHRandomIVGenerator.h in Headers */,
				BB99053B1F3A6EE8003B6169 /* NAHAESCrypto.h in Headers */,
				BB0AB4921F3918C6003D26DF /* NAHIVGenerating.h in Headers */,
				BB41DC351F392228007CA519 /* NAHStringPasswordKeyProvider.h in Headers */,
			);
			runOnlyForDeploymentPostprocessing = 0;
		};
/* End PBXHeadersBuildPhase section */

/* Begin PBXNativeTarget section */
		BBEF59CE1F31340000E3E84C /* NAHCrypto */ = {
			isa = PBXNativeTarget;
			buildConfigurationList = BBEF59E31F31340000E3E84C /* Build configuration list for PBXNativeTarget "NAHCrypto" */;
			buildPhases = (
				BBEF59CA1F31340000E3E84C /* Sources */,
				BBEF59CB1F31340000E3E84C /* Frameworks */,
				BBEF59CC1F31340000E3E84C /* Headers */,
				BBEF59CD1F31340000E3E84C /* Resources */,
			);
			buildRules = (
			);
			dependencies = (
			);
			name = NAHCrypto;
			productName = NAHCrypto;
			productReference = BBEF59CF1F31340000E3E84C /* NAHCrypto.framework */;
			productType = "com.apple.product-type.framework";
		};
		BBEF59D71F31340000E3E84C /* NAHCryptoTests */ = {
			isa = PBXNativeTarget;
			buildConfigurationList = BBEF59E61F31340000E3E84C /* Build configuration list for PBXNativeTarget "NAHCryptoTests" */;
			buildPhases = (
				BBEF59D41F31340000E3E84C /* Sources */,
				BBEF59D51F31340000E3E84C /* Frameworks */,
				BBEF59D61F31340000E3E84C /* Resources */,
			);
			buildRules = (
			);
			dependencies = (
				BBEF59DB1F31340000E3E84C /* PBXTargetDependency */,
			);
			name = NAHCryptoTests;
			productName = NAHCryptoTests;
			productReference = BBEF59D81F31340000E3E84C /* NAHCryptoTests.xctest */;
			productType = "com.apple.product-type.bundle.unit-test";
		};
/* End PBXNativeTarget section */

/* Begin PBXProject section */
		BBEF59C61F31340000E3E84C /* Project object */ = {
			isa = PBXProject;
			attributes = {
				LastUpgradeCheck = 0900;
				ORGANIZATIONNAME = "David Wagner";
				TargetAttributes = {
					BBEF59CE1F31340000E3E84C = {
						CreatedOnToolsVersion = 9.0;
					};
					BBEF59D71F31340000E3E84C = {
						CreatedOnToolsVersion = 9.0;
					};
				};
			};
			buildConfigurationList = BBEF59C91F31340000E3E84C /* Build configuration list for PBXProject "NAHCrypto" */;
			compatibilityVersion = "Xcode 8.0";
			developmentRegion = en;
			hasScannedForEncodings = 0;
			knownRegions = (
				en,
			);
			mainGroup = BBEF59C51F31340000E3E84C;
			productRefGroup = BBEF59D01F31340000E3E84C /* Products */;
			projectDirPath = "";
			projectRoot = "";
			targets = (
				BBEF59CE1F31340000E3E84C /* NAHCrypto */,
				BBEF59D71F31340000E3E84C /* NAHCryptoTests */,
			);
		};
/* End PBXProject section */

/* Begin PBXResourcesBuildPhase section */
		BBEF59CD1F31340000E3E84C /* Resources */ = {
			isa = PBXResourcesBuildPhase;
			buildActionMask = 2147483647;
			files = (
			);
			runOnlyForDeploymentPostprocessing = 0;
		};
		BBEF59D61F31340000E3E84C /* Resources */ = {
			isa = PBXResourcesBuildPhase;
			buildActionMask = 2147483647;
			files = (
			);
			runOnlyForDeploymentPostprocessing = 0;
		};
/* End PBXResourcesBuildPhase section */

/* Begin PBXSourcesBuildPhase section */
		BBEF59CA1F31340000E3E84C /* Sources */ = {
			isa = PBXSourcesBuildPhase;
			buildActionMask = 2147483647;
			files = (
				BB41DC361F392228007CA519 /* NAHStringPasswordKeyProvider.m in Sources */,
				BBF917201F33DD29006FE52A /* NAHAESCryptor.m in Sources */,
				BB99053C1F3A6EE8003B6169 /* NAHAESCrypto.m in Sources */,
				BB0AB4961F39194D003D26DF /* NAHRandomIVGenerator.m in Sources */,
				BB9905401F3A7437003B6169 /* NAHEncryptedMessage.m in Sources */,
			);
			runOnlyForDeploymentPostprocessing = 0;
		};
		BBEF59D41F31340000E3E84C /* Sources */ = {
			isa = PBXSourcesBuildPhase;
			buildActionMask = 2147483647;
			files = (
				BB9905361F3A69B9003B6169 /* NAHStringPasswordKeyProviderTests.m in Sources */,
				BB9905341F3A64DC003B6169 /* NAHRandomIVGeneratorTests.m in Sources */,
				BB9905381F3A6E07003B6169 /* NAHAESCryptoTests.m in Sources */,
			);
			runOnlyForDeploymentPostprocessing = 0;
		};
/* End PBXSourcesBuildPhase section */

/* Begin PBXTargetDependency section */
		BBEF59DB1F31340000E3E84C /* PBXTargetDependency */ = {
			isa = PBXTargetDependency;
			target = BBEF59CE1F31340000E3E84C /* NAHCrypto */;
			targetProxy = BBEF59DA1F31340000E3E84C /* PBXContainerItemProxy */;
		};
/* End PBXTargetDependency section */

/* Begin XCBuildConfiguration section */
		BBEF59E11F31340000E3E84C /* Debug */ = {
			isa = XCBuildConfiguration;
			buildSettings = {
				ALWAYS_SEARCH_USER_PATHS = NO;
				CLANG_ANALYZER_NONNULL = YES;
				CLANG_ANALYZER_NUMBER_OBJECT_CONVERSION = YES_AGGRESSIVE;
				CLANG_CXX_LANGUAGE_STANDARD = "gnu++14";
				CLANG_CXX_LIBRARY = "libc++";
				CLANG_ENABLE_MODULES = YES;
				CLANG_ENABLE_OBJC_ARC = YES;
				CLANG_WARN_BLOCK_CAPTURE_AUTORELEASING = YES;
				CLANG_WARN_BOOL_CONVERSION = YES;
				CLANG_WARN_COMMA = YES;
				CLANG_WARN_CONSTANT_CONVERSION = YES;
				CLANG_WARN_DIRECT_OBJC_ISA_USAGE = YES_ERROR;
				CLANG_WARN_DOCUMENTATION_COMMENTS = YES;
				CLANG_WARN_EMPTY_BODY = YES;
				CLANG_WARN_ENUM_CONVERSION = YES;
				CLANG_WARN_INFINITE_RECURSION = YES;
				CLANG_WARN_INT_CONVERSION = YES;
				CLANG_WARN_NON_LITERAL_NULL_CONVERSION = YES;
				CLANG_WARN_OBJC_LITERAL_CONVERSION = YES;
				CLANG_WARN_OBJC_ROOT_CLASS = YES_ERROR;
				CLANG_WARN_RANGE_LOOP_ANALYSIS = YES;
				CLANG_WARN_STRICT_PROTOTYPES = YES;
				CLANG_WARN_SUSPICIOUS_MOVE = YES;
				CLANG_WARN_UNGUARDED_AVAILABILITY = YES_AGGRESSIVE;
				CLANG_WARN_UNREACHABLE_CODE = YES;
				CLANG_WARN__DUPLICATE_METHOD_MATCH = YES;
				CODE_SIGN_IDENTITY = "iPhone Developer";
				COPY_PHASE_STRIP = NO;
				CURRENT_PROJECT_VERSION = 1;
				DEBUG_INFORMATION_FORMAT = dwarf;
				ENABLE_STRICT_OBJC_MSGSEND = YES;
				ENABLE_TESTABILITY = YES;
				GCC_C_LANGUAGE_STANDARD = gnu11;
				GCC_DYNAMIC_NO_PIC = NO;
				GCC_NO_COMMON_BLOCKS = YES;
				GCC_OPTIMIZATION_LEVEL = 0;
				GCC_PREPROCESSOR_DEFINITIONS = (
					"DEBUG=1",
					"$(inherited)",
				);
				GCC_WARN_64_TO_32_BIT_CONVERSION = YES;
				GCC_WARN_ABOUT_RETURN_TYPE = YES_ERROR;
				GCC_WARN_UNDECLARED_SELECTOR = YES;
				GCC_WARN_UNINITIALIZED_AUTOS = YES_AGGRESSIVE;
				GCC_WARN_UNUSED_FUNCTION = YES;
				GCC_WARN_UNUSED_VARIABLE = YES;
				IPHONEOS_DEPLOYMENT_TARGET = 11.0;
				MTL_ENABLE_DEBUG_INFO = YES;
				ONLY_ACTIVE_ARCH = YES;
				SDKROOT = iphoneos;
				VERSIONING_SYSTEM = "apple-generic";
				VERSION_INFO_PREFIX = "";
			};
			name = Debug;
		};
		BBEF59E21F31340000E3E84C /* Release */ = {
			isa = XCBuildConfiguration;
			buildSettings = {
				ALWAYS_SEARCH_USER_PATHS = NO;
				CLANG_ANALYZER_NONNULL = YES;
				CLANG_ANALYZER_NUMBER_OBJECT_CONVERSION = YES_AGGRESSIVE;
				CLANG_CXX_LANGUAGE_STANDARD = "gnu++14";
				CLANG_CXX_LIBRARY = "libc++";
				CLANG_ENABLE_MODULES = YES;
				CLANG_ENABLE_OBJC_ARC = YES;
				CLANG_WARN_BLOCK_CAPTURE_AUTORELEASING = YES;
				CLANG_WARN_BOOL_CONVERSION = YES;
				CLANG_WARN_COMMA = YES;
				CLANG_WARN_CONSTANT_CONVERSION = YES;
				CLANG_WARN_DIRECT_OBJC_ISA_USAGE = YES_ERROR;
				CLANG_WARN_DOCUMENTATION_COMMENTS = YES;
				CLANG_WARN_EMPTY_BODY = YES;
				CLANG_WARN_ENUM_CONVERSION = YES;
				CLANG_WARN_INFINITE_RECURSION = YES;
				CLANG_WARN_INT_CONVERSION = YES;
				CLANG_WARN_NON_LITERAL_NULL_CONVERSION = YES;
				CLANG_WARN_OBJC_LITERAL_CONVERSION = YES;
				CLANG_WARN_OBJC_ROOT_CLASS = YES_ERROR;
				CLANG_WARN_RANGE_LOOP_ANALYSIS = YES;
				CLANG_WARN_STRICT_PROTOTYPES = YES;
				CLANG_WARN_SUSPICIOUS_MOVE = YES;
				CLANG_WARN_UNGUARDED_AVAILABILITY = YES_AGGRESSIVE;
				CLANG_WARN_UNREACHABLE_CODE = YES;
				CLANG_WARN__DUPLICATE_METHOD_MATCH = YES;
				CODE_SIGN_IDENTITY = "iPhone Developer";
				COPY_PHASE_STRIP = NO;
				CURRENT_PROJECT_VERSION = 1;
				DEBUG_INFORMATION_FORMAT = "dwarf-with-dsym";
				ENABLE_NS_ASSERTIONS = NO;
				ENABLE_STRICT_OBJC_MSGSEND = YES;
				GCC_C_LANGUAGE_STANDARD = gnu11;
				GCC_NO_COMMON_BLOCKS = YES;
				GCC_WARN_64_TO_32_BIT_CONVERSION = YES;
				GCC_WARN_ABOUT_RETURN_TYPE = YES_ERROR;
				GCC_WARN_UNDECLARED_SELECTOR = YES;
				GCC_WARN_UNINITIALIZED_AUTOS = YES_AGGRESSIVE;
				GCC_WARN_UNUSED_FUNCTION = YES;
				GCC_WARN_UNUSED_VARIABLE = YES;
				IPHONEOS_DEPLOYMENT_TARGET = 11.0;
				MTL_ENABLE_DEBUG_INFO = NO;
				SDKROOT = iphoneos;
				VALIDATE_PRODUCT = YES;
				VERSIONING_SYSTEM = "apple-generic";
				VERSION_INFO_PREFIX = "";
			};
			name = Release;
		};
		BBEF59E41F31340000E3E84C /* Debug */ = {
			isa = XCBuildConfiguration;
			buildSettings = {
				CODE_SIGN_IDENTITY = "";
				DEFINES_MODULE = YES;
				DEVELOPMENT_TEAM = A8NKHWJDUL;
				DYLIB_COMPATIBILITY_VERSION = 1;
				DYLIB_CURRENT_VERSION = 1;
				DYLIB_INSTALL_NAME_BASE = "@rpath";
				INFOPLIST_FILE = "NAHCrypto/Supporting Files/Info.plist";
				INSTALL_PATH = "$(LOCAL_LIBRARY_DIR)/Frameworks";
				LD_RUNPATH_SEARCH_PATHS = "$(inherited) @executable_path/Frameworks @loader_path/Frameworks";
				PRODUCT_BUNDLE_IDENTIFIER = com.noiseandheat.ios.NAHCrypto;
				PRODUCT_NAME = "$(TARGET_NAME:c99extidentifier)";
				SKIP_INSTALL = YES;
				TARGETED_DEVICE_FAMILY = "1,2";
			};
			name = Debug;
		};
		BBEF59E51F31340000E3E84C /* Release */ = {
			isa = XCBuildConfiguration;
			buildSettings = {
				CODE_SIGN_IDENTITY = "";
				DEFINES_MODULE = YES;
				DEVELOPMENT_TEAM = A8NKHWJDUL;
				DYLIB_COMPATIBILITY_VERSION = 1;
				DYLIB_CURRENT_VERSION = 1;
				DYLIB_INSTALL_NAME_BASE = "@rpath";
				INFOPLIST_FILE = "NAHCrypto/Supporting Files/Info.plist";
				INSTALL_PATH = "$(LOCAL_LIBRARY_DIR)/Frameworks";
				LD_RUNPATH_SEARCH_PATHS = "$(inherited) @executable_path/Frameworks @loader_path/Frameworks";
				PRODUCT_BUNDLE_IDENTIFIER = com.noiseandheat.ios.NAHCrypto;
				PRODUCT_NAME = "$(TARGET_NAME:c99extidentifier)";
				SKIP_INSTALL = YES;
				TARGETED_DEVICE_FAMILY = "1,2";
			};
			name = Release;
		};
		BBEF59E71F31340000E3E84C /* Debug */ = {
			isa = XCBuildConfiguration;
			buildSettings = {
				DEVELOPMENT_TEAM = A8NKHWJDUL;
				INFOPLIST_FILE = NAHCryptoTests/Info.plist;
				LD_RUNPATH_SEARCH_PATHS = "$(inherited) @executable_path/Frameworks @loader_path/Frameworks";
				PRODUCT_BUNDLE_IDENTIFIER = com.noiseandheat.ios.NAHCryptoTests;
				PRODUCT_NAME = "$(TARGET_NAME)";
				TARGETED_DEVICE_FAMILY = "1,2";
			};
			name = Debug;
		};
		BBEF59E81F31340000E3E84C /* Release */ = {
			isa = XCBuildConfiguration;
			buildSettings = {
				DEVELOPMENT_TEAM = A8NKHWJDUL;
				INFOPLIST_FILE = NAHCryptoTests/Info.plist;
				LD_RUNPATH_SEARCH_PATHS = "$(inherited) @executable_path/Frameworks @loader_path/Frameworks";
				PRODUCT_BUNDLE_IDENTIFIER = com.noiseandheat.ios.NAHCryptoTests;
				PRODUCT_NAME = "$(TARGET_NAME)";
				TARGETED_DEVICE_FAMILY = "1,2";
			};
			name = Release;
		};
/* End XCBuildConfiguration section */

/* Begin XCConfigurationList section */
		BBEF59C91F31340000E3E84C /* Build configuration list for PBXProject "NAHCrypto" */ = {
			isa = XCConfigurationList;
			buildConfigurations = (
				BBEF59E11F31340000E3E84C /* Debug */,
				BBEF59E21F31340000E3E84C /* Release */,
			);
			defaultConfigurationIsVisible = 0;
			defaultConfigurationName = Release;
		};
		BBEF59E31F31340000E3E84C /* Build configuration list for PBXNativeTarget "NAHCrypto" */ = {
			isa = XCConfigurationList;
			buildConfigurations = (
				BBEF59E41F31340000E3E84C /* Debug */,
				BBEF59E51F31340000E3E84C /* Release */,
			);
			defaultConfigurationIsVisible = 0;
			defaultConfigurationName = Release;
		};
		BBEF59E61F31340000E3E84C /* Build configuration list for PBXNativeTarget "NAHCryptoTests" */ = {
			isa = XCConfigurationList;
			buildConfigurations = (
				BBEF59E71F31340000E3E84C /* Debug */,
				BBEF59E81F31340000E3E84C /* Release */,
			);
			defaultConfigurationIsVisible = 0;
			defaultConfigurationName = Release;
		};
/* End XCConfigurationList section */
	};
	rootObject = BBEF59C61F31340000E3E84C /* Project object */;
}
